
Microsoft Visual Studio Solution File, Format Version 12.00
# Visual Studio 15
VisualStudioVersion = 15.0.26124.0
MinimumVisualStudioVersion = 15.0.26124.0
Project("{2150E333-8FDC-42A3-9474-1A3956D46DE8}") = "src", "src", "{F83EAA24-1920-49D3-A424-DDB9E6F53895}"
EndProject
Project("{2150E333-8FDC-42A3-9474-1A3956D46DE8}") = "renderer", "renderer", "{B96E46FD-D124-467D-A0E4-03BB8CCE2205}"
EndProject
Project("{F2A71F9B-5D33-465A-A702-920D77279786}") = "core-logic", "src\renderer\core-logic\core-logic.fsproj", "{F66C64BE-A813-4C55-AB4C-15DAE791D9B8}"
EndProject
Project("{2150E333-8FDC-42A3-9474-1A3956D46DE8}") = "test", "test", "{9DAE04B9-CA7B-4163-B014-AD8D7E1047B2}"
EndProject
Project("{F2A71F9B-5D33-465A-A702-920D77279786}") = "core-logic-tests", "test\core-logic-tests\core-logic-tests.fsproj", "{D3A4EC13-7B67-483F-A79C-8AE1E79F6DEA}"
EndProject
Global
	GlobalSection(SolutionConfigurationPlatforms) = preSolution
		Debug|Any CPU = Debug|Any CPU
		Debug|x64 = Debug|x64
		Debug|x86 = Debug|x86
		Release|Any CPU = Release|Any CPU
		Release|x64 = Release|x64
		Release|x86 = Release|x86
	EndGlobalSection
	GlobalSection(SolutionProperties) = preSolution
		HideSolutionNode = FALSE
	EndGlobalSection
	GlobalSection(ProjectConfigurationPlatforms) = postSolution
		{F66C64BE-A813-4C55-AB4C-15DAE791D9B8}.Debug|Any CPU.ActiveCfg = Debug|Any CPU
		{F66C64BE-A813-4C55-AB4C-15DAE791D9B8}.Debug|Any CPU.Build.0 = Debug|Any CPU
		{F66C64BE-A813-4C55-AB4C-15DAE791D9B8}.Debug|x64.ActiveCfg = Debug|Any CPU
		{F66C64BE-A813-4C55-AB4C-15DAE791D9B8}.Debug|x64.Build.0 = Debug|Any CPU
		{F66C64BE-A813-4C55-AB4C-15DAE791D9B8}.Debug|x86.ActiveCfg = Debug|Any CPU
		{F66C64BE-A813-4C55-AB4C-15DAE791D9B8}.Debug|x86.Build.0 = Debug|Any CPU
		{F66C64BE-A813-4C55-AB4C-15DAE791D9B8}.Release|Any CPU.ActiveCfg = Release|Any CPU
		{F66C64BE-A813-4C55-AB4C-15DAE791D9B8}.Release|Any CPU.Build.0 = Release|Any CPU
		{F66C64BE-A813-4C55-AB4C-15DAE791D9B8}.Release|x64.ActiveCfg = Release|Any CPU
		{F66C64BE-A813-4C55-AB4C-15DAE791D9B8}.Release|x64.Build.0 = Release|Any CPU
		{F66C64BE-A813-4C55-AB4C-15DAE791D9B8}.Release|x86.ActiveCfg = Release|Any CPU
		{F66C64BE-A813-4C55-AB4C-15DAE791D9B8}.Release|x86.Build.0 = Release|Any CPU
		{D3A4EC13-7B67-483F-A79C-8AE1E79F6DEA}.Debug|Any CPU.ActiveCfg = Debug|Any CPU
		{D3A4EC13-7B67-483F-A79C-8AE1E79F6DEA}.Debug|Any CPU.Build.0 = Debug|Any CPU
		{D3A4EC13-7B67-483F-A79C-8AE1E79F6DEA}.Debug|x64.ActiveCfg = Debug|Any CPU
		{D3A4EC13-7B67-483F-A79C-8AE1E79F6DEA}.Debug|x64.Build.0 = Debug|Any CPU
		{D3A4EC13-7B67-483F-A79C-8AE1E79F6DEA}.Debug|x86.ActiveCfg = Debug|Any CPU
		{D3A4EC13-7B67-483F-A79C-8AE1E79F6DEA}.Debug|x86.Build.0 = Debug|Any CPU
		{D3A4EC13-7B67-483F-A79C-8AE1E79F6DEA}.Release|Any CPU.ActiveCfg = Release|Any CPU
		{D3A4EC13-7B67-483F-A79C-8AE1E79F6DEA}.Release|Any CPU.Build.0 = Release|Any CPU
		{D3A4EC13-7B67-483F-A79C-8AE1E79F6DEA}.Release|x64.ActiveCfg = Release|Any CPU
		{D3A4EC13-7B67-483F-A79C-8AE1E79F6DEA}.Release|x64.Build.0 = Release|Any CPU
		{D3A4EC13-7B67-483F-A79C-8AE1E79F6DEA}.Release|x86.ActiveCfg = Release|Any CPU
		{D3A4EC13-7B67-483F-A79C-8AE1E79F6DEA}.Release|x86.Build.0 = Release|Any CPU
	EndGlobalSection
	GlobalSection(NestedProjects) = preSolution
		{B96E46FD-D124-467D-A0E4-03BB8CCE2205} = {F83EAA24-1920-49D3-A424-DDB9E6F53895}
		{F66C64BE-A813-4C55-AB4C-15DAE791D9B8} = {B96E46FD-D124-467D-A0E4-03BB8CCE2205}
		{D3A4EC13-7B67-483F-A79C-8AE1E79F6DEA} = {9DAE04B9-CA7B-4163-B014-AD8D7E1047B2}
	EndGlobalSection
EndGlobal
